{
  "name": "learning-sui",
  "version": "1.0.0",
  "lockfileVersion": 3,
  "requires": true,
  "packages": {
    "": {
      "name": "learning-sui",
      "version": "1.0.0",
      "license": "ISC",
      "devDependencies": {
        "highlight.js": "^10.7.3"
      }
    },
    "node_modules/highlight.js": {
      "version": "10.7.3",
      "resolved": "https://registry.npmjs.org/highlight.js/-/highlight.js-10.7.3.tgz",
      "integrity": "sha512-tzcUFauisWKNHaRkN4Wjl/ZA07gENAjFl3J/c480dprkGTg5EQstgaNFqBfUqCq54kZRIEcreTsAgF/m2quD7A==",
      "dev": true,
      "license": "BSD-3-Clause",
      "engines": {
        "node": "*"
      }
    }
  }
}
